// !$*UTF8*$!
{
	archiveVersion = 1;
	classes = {
	};
	objectVersion = 46;
	objects = {

/* Begin PBXBuildFile section */
		667209BF1BD0597A00F96509 /* AppDelegate.m in Sources */ = {isa = PBXBuildFile; fileRef = 667209BE1BD0597A00F96509 /* AppDelegate.m */; };
		667209C21BD0597A00F96509 /* main.m in Sources */ = {isa = PBXBuildFile; fileRef = 667209C11BD0597A00F96509 /* main.m */; };
		667209C51BD0597A00F96509 /* ViewController.m in Sources */ = {isa = PBXBuildFile; fileRef = 667209C41BD0597A00F96509 /* ViewController.m */; };
		667209C71BD0597A00F96509 /* Assets.xcassets in Resources */ = {isa = PBXBuildFile; fileRef = 667209C61BD0597A00F96509 /* Assets.xcassets */; };
		667209CA1BD0597A00F96509 /* Main.storyboard in Resources */ = {isa = PBXBuildFile; fileRef = 667209C81BD0597A00F96509 /* Main.storyboard */; };
		667209DA1BD0599B00F96509 /* HIDKit.framework in Frameworks */ = {isa = PBXBuildFile; fileRef = 667209D71BD0598B00F96509 /* HIDKit.framework */; };
		66C4B88B1C0B7EC20026D649 /* HIDController.m in Sources */ = {isa = PBXBuildFile; fileRef = 66C4B88A1C0B7EC20026D649 /* HIDController.m */; };
		66E63D801C0B9553004E4F7F /* CircleButtonView.m in Sources */ = {isa = PBXBuildFile; fileRef = 66E63D7F1C0B9553004E4F7F /* CircleButtonView.m */; };
		66E63D831C0B9677004E4F7F /* TouchpadView.m in Sources */ = {isa = PBXBuildFile; fileRef = 66E63D821C0B9677004E4F7F /* TouchpadView.m */; };
/* End PBXBuildFile section */

/* Begin PBXContainerItemProxy section */
		667209D61BD0598B00F96509 /* PBXContainerItemProxy */ = {
			isa = PBXContainerItemProxy;
			containerPortal = 667209D11BD0598B00F96509 /* HIDKit.xcodeproj */;
			proxyType = 2;
			remoteGlobalIDString = 1671F89919BB4EDC00F83913;
			remoteInfo = HIDKit;
		};
		667209D81BD0598B00F96509 /* PBXContainerItemProxy */ = {
			isa = PBXContainerItemProxy;
			containerPortal = 667209D11BD0598B00F96509 /* HIDKit.xcodeproj */;
			proxyType = 2;
			remoteGlobalIDString = 1671F8A419BB4EDC00F83913;
			remoteInfo = HIDKitTests;
		};
/* End PBXContainerItemProxy section */

/* Begin PBXFileReference section */
		667209BA1BD0597A00F96509 /* SiriHIDRemote.app */ = {isa = PBXFileReference; explicitFileType = wrapper.application; includeInIndex = 0; path = SiriHIDRemote.app; sourceTree = BUILT_PRODUCTS_DIR; };
		667209BD1BD0597A00F96509 /* AppDelegate.h */ = {isa = PBXFileReference; lastKnownFileType = sourcecode.c.h; path = AppDelegate.h; sourceTree = "<group>"; };
		667209BE1BD0597A00F96509 /* AppDelegate.m */ = {isa = PBXFileReference; lastKnownFileType = sourcecode.c.objc; path = AppDelegate.m; sourceTree = "<group>"; };
		667209C11BD0597A00F96509 /* main.m */ = {isa = PBXFileReference; lastKnownFileType = sourcecode.c.objc; path = main.m; sourceTree = "<group>"; };
		667209C31BD0597A00F96509 /* ViewController.h */ = {isa = PBXFileReference; lastKnownFileType = sourcecode.c.h; path = ViewController.h; sourceTree = "<group>"; };
		667209C41BD0597A00F96509 /* ViewController.m */ = {isa = PBXFileReference; lastKnownFileType = sourcecode.c.objc; path = ViewController.m; sourceTree = "<group>"; };
		667209C61BD0597A00F96509 /* Assets.xcassets */ = {isa = PBXFileReference; lastKnownFileType = folder.assetcatalog; path = Assets.xcassets; sourceTree = "<group>"; };
		667209C91BD0597A00F96509 /* Base */ = {isa = PBXFileReference; lastKnownFileType = file.storyboard; name = Base; path = Base.lproj/Main.storyboard; sourceTree = "<group>"; };
		667209CB1BD0597A00F96509 /* Info.plist */ = {isa = PBXFileReference; lastKnownFileType = text.plist.xml; path = Info.plist; sourceTree = "<group>"; };
		667209D11BD0598B00F96509 /* HIDKit.xcodeproj */ = {isa = PBXFileReference; lastKnownFileType = "wrapper.pb-project"; name = HIDKit.xcodeproj; path = "HIDKit-master/HIDKit.xcodeproj"; sourceTree = "<group>"; };
		66C4B8891C0B7EC20026D649 /* HIDController.h */ = {isa = PBXFileReference; fileEncoding = 4; lastKnownFileType = sourcecode.c.h; path = HIDController.h; sourceTree = "<group>"; };
		66C4B88A1C0B7EC20026D649 /* HIDController.m */ = {isa = PBXFileReference; fileEncoding = 4; lastKnownFileType = sourcecode.c.objc; path = HIDController.m; sourceTree = "<group>"; };
		66E63D7E1C0B9553004E4F7F /* CircleButtonView.h */ = {isa = PBXFileReference; fileEncoding = 4; lastKnownFileType = sourcecode.c.h; name = CircleButtonView.h; path = UI/CircleButtonView.h; sourceTree = "<group>"; };
		66E63D7F1C0B9553004E4F7F /* CircleButtonView.m */ = {isa = PBXFileReference; fileEncoding = 4; lastKnownFileType = sourcecode.c.objc; name = CircleButtonView.m; path = UI/CircleButtonView.m; sourceTree = "<group>"; };
		66E63D811C0B9677004E4F7F /* TouchpadView.h */ = {isa = PBXFileReference; fileEncoding = 4; lastKnownFileType = sourcecode.c.h; name = TouchpadView.h; path = UI/TouchpadView.h; sourceTree = "<group>"; };
		66E63D821C0B9677004E4F7F /* TouchpadView.m */ = {isa = PBXFileReference; fileEncoding = 4; lastKnownFileType = sourcecode.c.objc; name = TouchpadView.m; path = UI/TouchpadView.m; sourceTree = "<group>"; };
/* End PBXFileReference section */

/* Begin PBXFrameworksBuildPhase section */
		667209B71BD0597A00F96509 /* Frameworks */ = {
			isa = PBXFrameworksBuildPhase;
			buildActionMask = 2147483647;
			files = (
				667209DA1BD0599B00F96509 /* HIDKit.framework in Frameworks */,
			);
			runOnlyForDeploymentPostprocessing = 0;
		};
/* End PBXFrameworksBuildPhase section */

/* Begin PBXGroup section */
		667209B11BD0597A00F96509 = {
			isa = PBXGroup;
			children = (
				667209D11BD0598B00F96509 /* HIDKit.xcodeproj */,
				667209BC1BD0597A00F96509 /* SiriHIDRemote */,
				667209BB1BD0597A00F96509 /* Products */,
			);
			sourceTree = "<group>";
		};
		667209BB1BD0597A00F96509 /* Products */ = {
			isa = PBXGroup;
			children = (
				667209BA1BD0597A00F96509 /* SiriHIDRemote.app */,
			);
			name = Products;
			sourceTree = "<group>";
		};
		667209BC1BD0597A00F96509 /* SiriHIDRemote */ = {
			isa = PBXGroup;
			children = (
				667209BD1BD0597A00F96509 /* AppDelegate.h */,
				667209BE1BD0597A00F96509 /* AppDelegate.m */,
				66C4B8891C0B7EC20026D649 /* HIDController.h */,
				66C4B88A1C0B7EC20026D649 /* HIDController.m */,
				667209C31BD0597A00F96509 /* ViewController.h */,
				667209C41BD0597A00F96509 /* ViewController.m */,
				66E63D7B1C0B953C004E4F7F /* UI */,
				667209C61BD0597A00F96509 /* Assets.xcassets */,
				667209C81BD0597A00F96509 /* Main.storyboard */,
				667209CB1BD0597A00F96509 /* Info.plist */,
				667209C01BD0597A00F96509 /* Supporting Files */,
			);
			path = SiriHIDRemote;
			sourceTree = "<group>";
		};
		667209C01BD0597A00F96509 /* Supporting Files */ = {
			isa = PBXGroup;
			children = (
				667209C11BD0597A00F96509 /* main.m */,
			);
			name = "Supporting Files";
			sourceTree = "<group>";
		};
		667209D21BD0598B00F96509 /* Products */ = {
			isa = PBXGroup;
			children = (
				667209D71BD0598B00F96509 /* HIDKit.framework */,
				667209D91BD0598B00F96509 /* HIDKitTests.xctest */,
			);
			name = Products;
			sourceTree = "<group>";
		};
		66E63D7B1C0B953C004E4F7F /* UI */ = {
			isa = PBXGroup;
			children = (
				66E63D7E1C0B9553004E4F7F /* CircleButtonView.h */,
				66E63D7F1C0B9553004E4F7F /* CircleButtonView.m */,
				66E63D811C0B9677004E4F7F /* TouchpadView.h */,
				66E63D821C0B9677004E4F7F /* TouchpadView.m */,
			);
			name = UI;
			sourceTree = "<group>";
		};
/* End PBXGroup section */

/* Begin PBXNativeTarget section */
		667209B91BD0597A00F96509 /* SiriHIDRemote */ = {
			isa = PBXNativeTarget;
			buildConfigurationList = 667209CE1BD0597A00F96509 /* Build configuration list for PBXNativeTarget "SiriHIDRemote" */;
			buildPhases = (
				667209B61BD0597A00F96509 /* Sources */,
				667209B71BD0597A00F96509 /* Frameworks */,
				667209B81BD0597A00F96509 /* Resources */,
			);
			buildRules = (
			);
			dependencies = (
			);
			name = SiriHIDRemote;
			productName = SiriHIDRemote;
			productReference = 667209BA1BD0597A00F96509 /* SiriHIDRemote.app */;
			productType = "com.apple.product-type.application";
		};
/* End PBXNativeTarget section */

/* Begin PBXProject section */
		667209B21BD0597A00F96509 /* Project object */ = {
			isa = PBXProject;
			attributes = {
				LastUpgradeCheck = 0710;
				ORGANIZATIONNAME = "AppCannon Software";
				TargetAttributes = {
					667209B91BD0597A00F96509 = {
						CreatedOnToolsVersion = 7.1;
					};
				};
			};
			buildConfigurationList = 667209B51BD0597A00F96509 /* Build configuration list for PBXProject "SiriHIDRemote" */;
			compatibilityVersion = "Xcode 3.2";
			developmentRegion = English;
			hasScannedForEncodings = 0;
			knownRegions = (
				en,
				Base,
			);
			mainGroup = 667209B11BD0597A00F96509;
			productRefGroup = 667209BB1BD0597A00F96509 /* Products */;
			projectDirPath = "";
			projectReferences = (
				{
					ProductGroup = 667209D21BD0598B00F96509 /* Products */;
					ProjectRef = 667209D11BD0598B00F96509 /* HIDKit.xcodeproj */;
				},
			);
			projectRoot = "";
			targets = (
				667209B91BD0597A00F96509 /* SiriHIDRemote */,
			);
		};
/* End PBXProject section */

/* Begin PBXReferenceProxy section */
		667209D71BD0598B00F96509 /* HIDKit.framework */ = {
			isa = PBXReferenceProxy;
			fileType = wrapper.framework;
			path = HIDKit.framework;
			remoteRef = 667209D61BD0598B00F96509 /* PBXContainerItemProxy */;
			sourceTree = BUILT_PRODUCTS_DIR;
		};
		667209D91BD0598B00F96509 /* HIDKitTests.xctest */ = {
			isa = PBXReferenceProxy;
			fileType = wrapper.cfbundle;
			path = HIDKitTests.xctest;
			remoteRef = 667209D81BD0598B00F96509 /* PBXContainerItemProxy */;
			sourceTree = BUILT_PRODUCTS_DIR;
		};
/* End PBXReferenceProxy section */

/* Begin PBXResourcesBuildPhase section */
		667209B81BD0597A00F96509 /* Resources */ = {
			isa = PBXResourcesBuildPhase;
			buildActionMask = 2147483647;
			files = (
				667209C71BD0597A00F96509 /* Assets.xcassets in Resources */,
				667209CA1BD0597A00F96509 /* Main.storyboard in Resources */,
			);
			runOnlyForDeploymentPostprocessing = 0;
		};
/* End PBXResourcesBuildPhase section */

/* Begin PBXSourcesBuildPhase section */
		667209B61BD0597A00F96509 /* Sources */ = {
			isa = PBXSourcesBuildPhase;
			buildActionMask = 2147483647;
			files = (
				667209C51BD0597A00F96509 /* ViewController.m in Sources */,
				667209C21BD0597A00F96509 /* main.m in Sources */,
				66E63D831C0B9677004E4F7F /* TouchpadView.m in Sources */,
				667209BF1BD0597A00F96509 /* AppDelegate.m in Sources */,
				66C4B88B1C0B7EC20026D649 /* HIDController.m in Sources */,
				66E63D801C0B9553004E4F7F /* CircleButtonView.m in Sources */,
			);
			runOnlyForDeploymentPostprocessing = 0;
		};
/* End PBXSourcesBuildPhase section */

/* Begin PBXVariantGroup section */
		667209C81BD0597A00F96509 /* Main.storyboard */ = {
			isa = PBXVariantGroup;
			children = (
				667209C91BD0597A00F96509 /* Base */,
			);
			name = Main.storyboard;
			sourceTree = "<group>";
		};
/* End PBXVariantGroup section */

/* Begin XCBuildConfiguration section */
		667209CC1BD0597A00F96509 /* Debug */ = {
			isa = XCBuildConfiguration;
			buildSettings = {
				ALWAYS_SEARCH_USER_PATHS = NO;
				CLANG_CXX_LANGUAGE_STANDARD = "gnu++0x";
				CLANG_CXX_LIBRARY = "libc++";
				CLANG_ENABLE_MODULES = YES;
				CLANG_ENABLE_OBJC_ARC = YES;
				CLANG_WARN_BOOL_CONVERSION = YES;
				CLANG_WARN_CONSTANT_CONVERSION = YES;
				CLANG_WARN_DIRECT_OBJC_ISA_USAGE = YES_ERROR;
				CLANG_WARN_EMPTY_BODY = YES;
				CLANG_WARN_ENUM_CONVERSION = YES;
				CLANG_WARN_INT_CONVERSION = YES;
				CLANG_WARN_OBJC_ROOT_CLASS = YES_ERROR;
				CLANG_WARN_UNREACHABLE_CODE = YES;
				CLANG_WARN__DUPLICATE_METHOD_MATCH = YES;
				CODE_SIGN_IDENTITY = "-";
				COPY_PHASE_STRIP = NO;
				DEBUG_INFORMATION_FORMAT = dwarf;
				ENABLE_STRICT_OBJC_MSGSEND = YES;
				ENABLE_TESTABILITY = YES;
				GCC_C_LANGUAGE_STANDARD = gnu99;
				GCC_DYNAMIC_NO_PIC = NO;
				GCC_NO_COMMON_BLOCKS = YES;
				GCC_OPTIMIZATION_LEVEL = 0;
				GCC_PREPROCESSOR_DEFINITIONS = (
					"DEBUG=1",
					"$(inherited)",
				);
				GCC_WARN_64_TO_32_BIT_CONVERSION = YES;
				GCC_WARN_ABOUT_RETURN_TYPE = YES_ERROR;
				GCC_WARN_UNDECLARED_SELECTOR = YES;
				GCC_WARN_UNINITIALIZED_AUTOS = YES_AGGRESSIVE;
				GCC_WARN_UNUSED_FUNCTION = YES;
				GCC_WARN_UNUSED_VARIABLE = YES;
				MACOSX_DEPLOYMENT_TARGET = 10.11;
				MTL_ENABLE_DEBUG_INFO = YES;
				ONLY_ACTIVE_ARCH = YES;
				SDKROOT = macosx;
			};
			name = Debug;
		};
		667209CD1BD0597A00F96509 /* Release */ = {
			isa = XCBuildConfiguration;
			buildSettings = {
				ALWAYS_SEARCH_USER_PATHS = NO;
				CLANG_CXX_LANGUAGE_STANDARD = "gnu++0x";
				CLANG_CXX_LIBRARY = "libc++";
				CLANG_ENABLE_MODULES = YES;
				CLANG_ENABLE_OBJC_ARC = YES;
				CLANG_WARN_BOOL_CONVERSION = YES;
				CLANG_WARN_CONSTANT_CONVERSION = YES;
				CLANG_WARN_DIRECT_OBJC_ISA_USAGE = YES_ERROR;
				CLANG_WARN_EMPTY_BODY = YES;
				CLANG_WARN_ENUM_CONVERSION = YES;
				CLANG_WARN_INT_CONVERSION = YES;
				CLANG_WARN_OBJC_ROOT_CLASS = YES_ERROR;
				CLANG_WARN_UNREACHABLE_CODE = YES;
				CLANG_WARN__DUPLICATE_METHOD_MATCH = YES;
				CODE_SIGN_IDENTITY = "-";
				COPY_PHASE_STRIP = NO;
				DEBUG_INFORMATION_FORMAT = "dwarf-with-dsym";
				ENABLE_NS_ASSERTIONS = NO;
				ENABLE_STRICT_OBJC_MSGSEND = YES;
				GCC_C_LANGUAGE_STANDARD = gnu99;
				GCC_NO_COMMON_BLOCKS = YES;
				GCC_WARN_64_TO_32_BIT_CONVERSION = YES;
				GCC_WARN_ABOUT_RETURN_TYPE = YES_ERROR;
				GCC_WARN_UNDECLARED_SELECTOR = YES;
				GCC_WARN_UNINITIALIZED_AUTOS = YES_AGGRESSIVE;
				GCC_WARN_UNUSED_FUNCTION = YES;
				GCC_WARN_UNUSED_VARIABLE = YES;
				MACOSX_DEPLOYMENT_TARGET = 10.11;
				MTL_ENABLE_DEBUG_INFO = NO;
				SDKROOT = macosx;
			};
			name = Release;
		};
		667209CF1BD0597A00F96509 /* Debug */ = {
			isa = XCBuildConfiguration;
			buildSettings = {
				ASSETCATALOG_COMPILER_APPICON_NAME = AppIcon;
				COMBINE_HIDPI_IMAGES = YES;
				INFOPLIST_FILE = SiriHIDRemote/Info.plist;
				LD_RUNPATH_SEARCH_PATHS = "$(inherited) @executable_path/../Frameworks";
				PRODUCT_BUNDLE_IDENTIFIER = com.appcannon.SiriHIDRemote;
				PRODUCT_NAME = "$(TARGET_NAME)";
			};
			name = Debug;
		};
		667209D01BD0597A00F96509 /* Release */ = {
			isa = XCBuildConfiguration;
			buildSettings = {
				ASSETCATALOG_COMPILER_APPICON_NAME = AppIcon;
				COMBINE_HIDPI_IMAGES = YES;
				INFOPLIST_FILE = SiriHIDRemote/Info.plist;
				LD_RUNPATH_SEARCH_PATHS = "$(inherited) @executable_path/../Frameworks";
				PRODUCT_BUNDLE_IDENTIFIER = com.appcannon.SiriHIDRemote;
				PRODUCT_NAME = "$(TARGET_NAME)";
			};
			name = Release;
		};
/* End XCBuildConfiguration section */

/* Begin XCConfigurationList section */
		667209B51BD0597A00F96509 /* Build configuration list for PBXProject "SiriHIDRemote" */ = {
			isa = XCConfigurationList;
			buildConfigurations = (
				667209CC1BD0597A00F96509 /* Debug */,
				667209CD1BD0597A00F96509 /* Release */,
			);
			defaultConfigurationIsVisible = 0;
			defaultConfigurationName = Release;
		};
		667209CE1BD0597A00F96509 /* Build configuration list for PBXNativeTarget "SiriHIDRemote" */ = {
			isa = XCConfigurationList;
			buildConfigurations = (
				667209CF1BD0597A00F96509 /* Debug */,
				667209D01BD0597A00F96509 /* Release */,
			);
			defaultConfigurationIsVisible = 0;
			defaultConfigurationName = Release;
		};
/* End XCConfigurationList section */
	};
	rootObject = 667209B21BD0597A00F96509 /* Project object */;
}
